<?xml version="1.0" encoding="utf-8"?>
<Project ToolsVersion="4.0" xmlns="http://schemas.microsoft.com/developer/msbuild/2003">
  <ItemGroup>
    <Filter Include="dataset">
      <UniqueIdentifier>{c74b5408-8dfa-4711-a61d-635488fb590f}</UniqueIdentifier>
    </Filter>
    <Filter Include="dataset\texture">
      <UniqueIdentifier>{a03b78a1-d166-4ad2-893e-54efc3fdbe38}</UniqueIdentifier>
    </Filter>
    <Filter Include="cache">
      <UniqueIdentifier>{af14ad7b-a13e-4cdf-9b95-503d312aff5e}</UniqueIdentifier>
    </Filter>
    <Filter Include="cache\package">
      <UniqueIdentifier>{e60460af-2957-4fae-91c8-8670b9bbdbdb}</UniqueIdentifier>
    </Filter>
    <Filter Include="cache\symbol">
      <UniqueIdentifier>{4f54dec1-e24f-4133-b08c-30d9f71812c4}</UniqueIdentifier>
    </Filter>
    <Filter Include="cache\glyph">
      <UniqueIdentifier>{b1700cf4-d2a5-40a3-8723-8bf855d85364}</UniqueIdentifier>
    </Filter>
    <Filter Include="render">
      <UniqueIdentifier>{c7be366a-c994-490c-b05d-f27961786ead}</UniqueIdentifier>
    </Filter>
    <Filter Include="resource">
      <UniqueIdentifier>{24e68b32-a02b-4912-90b2-37eda83a3a19}</UniqueIdentifier>
    </Filter>
    <Filter Include="resource\package">
      <UniqueIdentifier>{b661ab1e-731d-4a20-8c1b-877158d8ab58}</UniqueIdentifier>
    </Filter>
    <Filter Include="utility">
      <UniqueIdentifier>{19aa40ab-3b3f-47c3-ba7e-cfe566d9dec9}</UniqueIdentifier>
    </Filter>
  </ItemGroup>
  <ItemGroup>
    <ClCompile Include="..\..\..\source\Target.cpp">
      <Filter>dataset</Filter>
    </ClCompile>
    <ClCompile Include="..\..\..\source\TextureMid.cpp">
      <Filter>dataset\texture</Filter>
    </ClCompile>
    <ClCompile Include="..\..\..\source\TextureRaw.cpp">
      <Filter>dataset\texture</Filter>
    </ClCompile>
    <ClCompile Include="..\..\..\source\CacheAPI.cpp">
      <Filter>cache</Filter>
    </ClCompile>
    <ClCompile Include="..\..\..\source\CacheMgr.cpp">
      <Filter>cache</Filter>
    </ClCompile>
    <ClCompile Include="..\..\..\source\CachePkgStatic.cpp">
      <Filter>cache\package</Filter>
    </ClCompile>
    <ClCompile Include="..\..\..\source\CP_Node.cpp">
      <Filter>cache\package</Filter>
    </ClCompile>
    <ClCompile Include="..\..\..\source\CP_Prenode.cpp">
      <Filter>cache\package</Filter>
    </ClCompile>
    <ClCompile Include="..\..\..\source\CP_Texture.cpp">
      <Filter>cache\package</Filter>
    </ClCompile>
    <ClCompile Include="..\..\..\source\CacheSymbol.cpp">
      <Filter>cache\symbol</Filter>
    </ClCompile>
    <ClCompile Include="..\..\..\source\CS_Node.cpp">
      <Filter>cache\symbol</Filter>
    </ClCompile>
    <ClCompile Include="..\..\..\source\NodeLUT.cpp">
      <Filter>cache\symbol</Filter>
    </ClCompile>
    <ClCompile Include="..\..\..\source\CacheGlyph.cpp">
      <Filter>cache\glyph</Filter>
    </ClCompile>
    <ClCompile Include="..\..\..\source\DebugDraw.cpp">
      <Filter>render</Filter>
    </ClCompile>
    <ClCompile Include="..\..\..\source\DrawTexture.cpp">
      <Filter>render</Filter>
    </ClCompile>
    <ClCompile Include="..\..\..\source\RenderAPI.cpp">
      <Filter>render</Filter>
    </ClCompile>
    <ClCompile Include="..\..\..\source\HardRes.cpp">
      <Filter>resource</Filter>
    </ClCompile>
    <ClCompile Include="..\..\..\source\LoadResTask.cpp">
      <Filter>resource</Filter>
    </ClCompile>
    <ClCompile Include="..\..\..\source\ResCache.cpp">
      <Filter>resource</Filter>
    </ClCompile>
    <ClCompile Include="..\..\..\source\ResourceAPI.cpp">
      <Filter>resource</Filter>
    </ClCompile>
    <ClCompile Include="..\..\..\source\c_wrap_dtex.cpp" />
    <ClCompile Include="..\..\..\source\Facade.cpp" />
    <ClCompile Include="..\..\..\source\Texture.cpp">
      <Filter>dataset\texture</Filter>
    </ClCompile>
    <ClCompile Include="..\..\..\source\Package.cpp">
      <Filter>resource\package</Filter>
    </ClCompile>
    <ClCompile Include="..\..\..\source\PkgMgr.cpp">
      <Filter>resource\package</Filter>
    </ClCompile>
    <ClCompile Include="..\..\..\source\TexPacker.cpp">
      <Filter>dataset</Filter>
    </ClCompile>
  </ItemGroup>
  <ItemGroup>
    <ClInclude Include="..\..\..\include\dtex2\Target.h">
      <Filter>dataset</Filter>
    </ClInclude>
    <ClInclude Include="..\..\..\include\dtex2\TextureMid.h">
      <Filter>dataset\texture</Filter>
    </ClInclude>
    <ClInclude Include="..\..\..\include\dtex2\TextureRaw.h">
      <Filter>dataset\texture</Filter>
    </ClInclude>
    <ClInclude Include="..\..\..\include\dtex2\TextureType.h">
      <Filter>dataset\texture</Filter>
    </ClInclude>
    <ClInclude Include="..\..\..\include\dtex2\Cache.h">
      <Filter>cache</Filter>
    </ClInclude>
    <ClInclude Include="..\..\..\include\dtex2\CacheAPI.h">
      <Filter>cache</Filter>
    </ClInclude>
    <ClInclude Include="..\..\..\include\dtex2\CacheMgr.h">
      <Filter>cache</Filter>
    </ClInclude>
    <ClInclude Include="..\..\..\include\dtex2\CacheType.h">
      <Filter>cache</Filter>
    </ClInclude>
    <ClInclude Include="..\..\..\include\dtex2\CachePkgStatic.h">
      <Filter>cache\package</Filter>
    </ClInclude>
    <ClInclude Include="..\..\..\include\dtex2\CP_Node.h">
      <Filter>cache\package</Filter>
    </ClInclude>
    <ClInclude Include="..\..\..\include\dtex2\CP_Prenode.h">
      <Filter>cache\package</Filter>
    </ClInclude>
    <ClInclude Include="..\..\..\include\dtex2\CP_Texture.h">
      <Filter>cache\package</Filter>
    </ClInclude>
    <ClInclude Include="..\..\..\include\dtex2\CacheSymbol.h">
      <Filter>cache\symbol</Filter>
    </ClInclude>
    <ClInclude Include="..\..\..\include\dtex2\CS_Node.h">
      <Filter>cache\symbol</Filter>
    </ClInclude>
    <ClInclude Include="..\..\..\include\dtex2\NodeLUT.h">
      <Filter>cache\symbol</Filter>
    </ClInclude>
    <ClInclude Include="..\..\..\include\dtex2\CacheGlyph.h">
      <Filter>cache\glyph</Filter>
    </ClInclude>
    <ClInclude Include="..\..\..\include\dtex2\DebugDraw.h">
      <Filter>render</Filter>
    </ClInclude>
    <ClInclude Include="..\..\..\include\dtex2\DrawTexture.h">
      <Filter>render</Filter>
    </ClInclude>
    <ClInclude Include="..\..\..\include\dtex2\RenderAPI.h">
      <Filter>render</Filter>
    </ClInclude>
    <ClInclude Include="..\..\..\include\dtex2\HardRes.h">
      <Filter>resource</Filter>
    </ClInclude>
    <ClInclude Include="..\..\..\include\dtex2\LoadResTask.h">
      <Filter>resource</Filter>
    </ClInclude>
    <ClInclude Include="..\..\..\include\dtex2\ResCache.h">
      <Filter>resource</Filter>
    </ClInclude>
    <ClInclude Include="..\..\..\include\dtex2\ResourceAPI.h">
      <Filter>resource</Filter>
    </ClInclude>
    <ClInclude Include="..\..\..\include\c_wrap_dtex.h" />
    <ClInclude Include="..\..\..\include\dtex2\Math.h">
      <Filter>utility</Filter>
    </ClInclude>
    <ClInclude Include="..\..\..\include\dtex2\TextureFormat.h">
      <Filter>utility</Filter>
    </ClInclude>
    <ClInclude Include="..\..\..\include\dtex2\Facade.h" />
    <ClInclude Include="..\..\..\include\dtex2\Texture.h">
      <Filter>dataset\texture</Filter>
    </ClInclude>
    <ClInclude Include="..\..\..\include\dtex2\Package.h">
      <Filter>resource\package</Filter>
    </ClInclude>
    <ClInclude Include="..\..\..\include\dtex2\PkgMgr.h">
      <Filter>resource\package</Filter>
    </ClInclude>
    <ClInclude Include="..\..\..\include\dtex2\TexPacker.h">
      <Filter>dataset</Filter>
    </ClInclude>
  </ItemGroup>
</Project>